
Microsoft Visual Studio Solution File, Format Version 12.00
# Visual Studio Version 16
VisualStudioVersion = 16.0.31112.23
MinimumVisualStudioVersion = 10.0.40219.1
Project("{FAE04EC0-301F-11D3-BF4B-00C04F79EFBC}") = "QuickSortExample", "QuickSortExample.csproj", "{1485D4D7-9782-4979-9A47-16BBC14F9E44}"
EndProject
Global
	GlobalSection(SolutionConfigurationPlatforms) = preSolution
		Debug|Any CPU = Debug|Any CPU
		Release|Any CPU = Release|Any CPU
	EndGlobalSection
	GlobalSection(ProjectConfigurationPlatforms) = postSolution
		{1485D4D7-9782-4979-9A47-16BBC14F9E44}.Debug|Any CPU.ActiveCfg = Debug|Any CPU
		{1485D4D7-9782-4979-9A47-16BBC14F9E44}.Debug|Any CPU.Build.0 = Debug|Any CPU
		{1485D4D7-9782-4979-9A47-16BBC14F9E44}.Release|Any CPU.ActiveCfg = Release|Any CPU
		{1485D4D7-9782-4979-9A47-16BBC14F9E44}.Release|Any CPU.Build.0 = Release|Any CPU
	EndGlobalSection
	GlobalSection(SolutionProperties) = preSolution
		HideSolutionNode = FALSE
	EndGlobalSection
	GlobalSection(ExtensibilityGlobals) = postSolution
		SolutionGuid = {1E33D376-0A69-4C05-A26D-4753CC51361A}
	EndGlobalSection
EndGlobal
